
Microsoft Visual Studio Solution File, Format Version 12.00
# Visual Studio 14
VisualStudioVersion = 14.0.25420.1
MinimumVisualStudioVersion = 10.0.40219.1
Project("{FAE04EC0-301F-11D3-BF4B-00C04F79EFBC}") = "ContextServer", "ContextServer\ContextServer.csproj", "{ABDD223D-6EAD-4C4C-AF33-80F0C9521BBB}"
EndProject
Project("{FAE04EC0-301F-11D3-BF4B-00C04F79EFBC}") = "ContextClient", "ContextClient\ContextClient.csproj", "{EB6DAB1B-8E6A-49EA-9EA6-928BD4248DA4}"
EndProject
Project("{FAE04EC0-301F-11D3-BF4B-00C04F79EFBC}") = "FacadeServer", "FacadeServer\FacadeServer.csproj", "{71BC6D48-DF52-4E3F-B323-54C7D376F888}"
EndProject
Project("{FAE04EC0-301F-11D3-BF4B-00C04F79EFBC}") = "FacadeClient", "FacadeClient\FacadeClient.csproj", "{7FD0EF7A-A32D-4D5F-B5D2-3E2EF84FA5AB}"
EndProject
Project("{FAE04EC0-301F-11D3-BF4B-00C04F79EFBC}") = "ServerService", "ServerService\ServerService.csproj", "{0D5E007A-D8BA-423A-9F7F-33DB683F0DA9}"
EndProject
Global
	GlobalSection(SolutionConfigurationPlatforms) = preSolution
		Debug|Any CPU = Debug|Any CPU
		Debug|x86 = Debug|x86
		Release|Any CPU = Release|Any CPU
		Release|x86 = Release|x86
	EndGlobalSection
	GlobalSection(ProjectConfigurationPlatforms) = postSolution
		{ABDD223D-6EAD-4C4C-AF33-80F0C9521BBB}.Debug|Any CPU.ActiveCfg = Debug|x86
		{ABDD223D-6EAD-4C4C-AF33-80F0C9521BBB}.Debug|x86.ActiveCfg = Debug|x86
		{ABDD223D-6EAD-4C4C-AF33-80F0C9521BBB}.Debug|x86.Build.0 = Debug|x86
		{ABDD223D-6EAD-4C4C-AF33-80F0C9521BBB}.Release|Any CPU.ActiveCfg = Release|x86
		{ABDD223D-6EAD-4C4C-AF33-80F0C9521BBB}.Release|x86.ActiveCfg = Release|x86
		{ABDD223D-6EAD-4C4C-AF33-80F0C9521BBB}.Release|x86.Build.0 = Release|x86
		{EB6DAB1B-8E6A-49EA-9EA6-928BD4248DA4}.Debug|Any CPU.ActiveCfg = Debug|Any CPU
		{EB6DAB1B-8E6A-49EA-9EA6-928BD4248DA4}.Debug|Any CPU.Build.0 = Debug|Any CPU
		{EB6DAB1B-8E6A-49EA-9EA6-928BD4248DA4}.Debug|x86.ActiveCfg = Debug|Any CPU
		{EB6DAB1B-8E6A-49EA-9EA6-928BD4248DA4}.Debug|x86.Build.0 = Debug|Any CPU
		{EB6DAB1B-8E6A-49EA-9EA6-928BD4248DA4}.Release|Any CPU.ActiveCfg = Release|Any CPU
		{EB6DAB1B-8E6A-49EA-9EA6-928BD4248DA4}.Release|Any CPU.Build.0 = Release|Any CPU
		{EB6DAB1B-8E6A-49EA-9EA6-928BD4248DA4}.Release|x86.ActiveCfg = Release|Any CPU
		{EB6DAB1B-8E6A-49EA-9EA6-928BD4248DA4}.Release|x86.Build.0 = Release|Any CPU
		{71BC6D48-DF52-4E3F-B323-54C7D376F888}.Debug|Any CPU.ActiveCfg = Debug|Any CPU
		{71BC6D48-DF52-4E3F-B323-54C7D376F888}.Debug|Any CPU.Build.0 = Debug|Any CPU
		{71BC6D48-DF52-4E3F-B323-54C7D376F888}.Debug|x86.ActiveCfg = Debug|Any CPU
		{71BC6D48-DF52-4E3F-B323-54C7D376F888}.Debug|x86.Build.0 = Debug|Any CPU
		{71BC6D48-DF52-4E3F-B323-54C7D376F888}.Release|Any CPU.ActiveCfg = Release|Any CPU
		{71BC6D48-DF52-4E3F-B323-54C7D376F888}.Release|Any CPU.Build.0 = Release|Any CPU
		{71BC6D48-DF52-4E3F-B323-54C7D376F888}.Release|x86.ActiveCfg = Release|Any CPU
		{71BC6D48-DF52-4E3F-B323-54C7D376F888}.Release|x86.Build.0 = Release|Any CPU
		{7FD0EF7A-A32D-4D5F-B5D2-3E2EF84FA5AB}.Debug|Any CPU.ActiveCfg = Debug|Any CPU
		{7FD0EF7A-A32D-4D5F-B5D2-3E2EF84FA5AB}.Debug|Any CPU.Build.0 = Debug|Any CPU
		{7FD0EF7A-A32D-4D5F-B5D2-3E2EF84FA5AB}.Debug|x86.ActiveCfg = Debug|Any CPU
		{7FD0EF7A-A32D-4D5F-B5D2-3E2EF84FA5AB}.Debug|x86.Build.0 = Debug|Any CPU
		{7FD0EF7A-A32D-4D5F-B5D2-3E2EF84FA5AB}.Release|Any CPU.ActiveCfg = Release|Any CPU
		{7FD0EF7A-A32D-4D5F-B5D2-3E2EF84FA5AB}.Release|Any CPU.Build.0 = Release|Any CPU
		{7FD0EF7A-A32D-4D5F-B5D2-3E2EF84FA5AB}.Release|x86.ActiveCfg = Release|Any CPU
		{7FD0EF7A-A32D-4D5F-B5D2-3E2EF84FA5AB}.Release|x86.Build.0 = Release|Any CPU
		{0D5E007A-D8BA-423A-9F7F-33DB683F0DA9}.Debug|Any CPU.ActiveCfg = Debug|Any CPU
		{0D5E007A-D8BA-423A-9F7F-33DB683F0DA9}.Debug|Any CPU.Build.0 = Debug|Any CPU
		{0D5E007A-D8BA-423A-9F7F-33DB683F0DA9}.Debug|x86.ActiveCfg = Debug|Any CPU
		{0D5E007A-D8BA-423A-9F7F-33DB683F0DA9}.Debug|x86.Build.0 = Debug|Any CPU
		{0D5E007A-D8BA-423A-9F7F-33DB683F0DA9}.Release|Any CPU.ActiveCfg = Release|Any CPU
		{0D5E007A-D8BA-423A-9F7F-33DB683F0DA9}.Release|Any CPU.Build.0 = Release|Any CPU
		{0D5E007A-D8BA-423A-9F7F-33DB683F0DA9}.Release|x86.ActiveCfg = Release|Any CPU
		{0D5E007A-D8BA-423A-9F7F-33DB683F0DA9}.Release|x86.Build.0 = Release|Any CPU
	EndGlobalSection
	GlobalSection(SolutionProperties) = preSolution
		HideSolutionNode = FALSE
	EndGlobalSection
EndGlobal
